PODS:
  - ASN1Decoder (1.9.0)
  - DZNEmptyDataSet (1.8.1)
  - FLAnimatedImage (1.0.17)
  - KSCrash/Core (1.16.2):
    - KSCrash/Reporting/Filters/Basic
  - KSCrash/Recording (1.16.2):
    - KSCrash/Recording/Tools (= 1.16.2)
  - KSCrash/Recording/Tools (1.16.2)
  - KSCrash/Reporting/Filters/AppleFmt (1.16.2):
    - KSCrash/Recording
    - KSCrash/Reporting/Filters/Base
  - KSCrash/Reporting/Filters/Base (1.16.2):
    - KSCrash/Recording
  - KSCrash/Reporting/Filters/Basic (1.16.2):
    - KSCrash/Recording
    - KSCrash/Reporting/Filters/Base
  - KSCrash/Reporting/Filters/GZip (1.16.2):
    - KSCrash/Recording
    - KSCrash/Reporting/Filters/Base
  - KSCrash/Reporting/Filters/JSON (1.16.2):
    - KSCrash/Recording
    - KSCrash/Reporting/Filters/Base
  - KSCrash/Reporting/Filters/Sets (1.16.2):
    - KSCrash/Recording
    - KSCrash/Reporting/Filters/AppleFmt
    - KSCrash/Reporting/Filters/Base
    - KSCrash/Reporting/Filters/Basic
    - KSCrash/Reporting/Filters/GZip
    - KSCrash/Reporting/Filters/JSON
    - KSCrash/Reporting/Filters/Stringify
  - KSCrash/Reporting/Filters/Stringify (1.16.2):
    - KSCrash/Recording
    - KSCrash/Reporting/Filters/Base
  - KSCrash/Reporting/Filters/Tools (1.16.2):
    - KSCrash/Recording
  - KSCrash/Reporting/Tools (1.16.2):
    - KSCrash/Recording
  - MarqueeLabel (4.3.2)
  - MBProgressHUD (1.2.0)
  - NotificationBannerSwift (3.2.1):
    - MarqueeLabel (~> 4.3.0)
    - SnapKit (~> 5.6.0)
  - SAMKeychain (1.5.3)
  - SDWebImage (5.18.7):
    - SDWebImage/Core (= 5.18.7)
  - SDWebImage/Core (5.18.7)
  - SignalProtocolC (2.3.3)
  - SignalProtocolObjC (1.1.1):
    - SignalProtocolC (~> 2.3.3)
  - SnapKit (5.6.0)
  - sqlite3/common (3.44.0)
  - sqlite3/perf-threadsafe (3.44.0):
    - sqlite3/common
  - TOCropViewController (2.6.1)
  - WebRTC-lib (120.0.0)

DEPENDENCIES:
  - ASN1Decoder
  - DZNEmptyDataSet
  - FLAnimatedImage (~> 1.0)
  - KSCrash/Core
  - KSCrash/Recording
  - KSCrash/Reporting/Filters/Sets
  - KSCrash/Reporting/Filters/Tools
  - KSCrash/Reporting/Tools
  - MBProgressHUD (~> 1.2.0)
  - NotificationBannerSwift (~> 3.2.0)
  - SAMKeychain
  - SDWebImage
  - SignalProtocolC (from `https://github.com/monal-im/libsignal-protocol-c`, branch `master`)
  - SignalProtocolObjC (from `https://github.com/monal-im/SignalProtocol-ObjC.git`, branch `master`)
  - sqlite3/perf-threadsafe
  - TOCropViewController
  - WebRTC-lib

SPEC REPOS:
  trunk:
    - ASN1Decoder
    - DZNEmptyDataSet
    - FLAnimatedImage
    - KSCrash
    - MarqueeLabel
    - MBProgressHUD
    - NotificationBannerSwift
    - SAMKeychain
    - SDWebImage
    - SnapKit
    - sqlite3
    - TOCropViewController
    - WebRTC-lib

EXTERNAL SOURCES:
  SignalProtocolC:
    :branch: master
    :git: https://github.com/monal-im/libsignal-protocol-c
  SignalProtocolObjC:
    :branch: master
    :git: https://github.com/monal-im/SignalProtocol-ObjC.git

CHECKOUT OPTIONS:
  SignalProtocolC:
    :commit: 560504888d9c0ba4be860275d206dcef07e0761e
    :git: https://github.com/monal-im/libsignal-protocol-c
  SignalProtocolObjC:
    :commit: e153e868c6737881a196da17612367ab9ecaae13
    :git: https://github.com/monal-im/SignalProtocol-ObjC.git

SPEC CHECKSUMS:
  ASN1Decoder: 4f4bbcaf1d1b8be56daa3280e82863a607f5bda9
  DZNEmptyDataSet: 9525833b9e68ac21c30253e1d3d7076cc828eaa7
  FLAnimatedImage: bbf914596368867157cc71b38a8ec834b3eeb32b
  KSCrash: 469b9f982b97309acb719baaecbf9182f62ddf85
  MarqueeLabel: 15e524a6762552bb279cb17438b8a94990269fb9
  MBProgressHUD: 3ee5efcc380f6a79a7cc9b363dd669c5e1ae7406
  NotificationBannerSwift: dce54ded532b26e30cd8e7f4d80e124a0f2ba7d1
  SAMKeychain: 483e1c9f32984d50ca961e26818a534283b4cd5c
  SDWebImage: f9258c58221ed854cfa0e2b80ee4033710b1c6d3
  SignalProtocolC: 8092866e45b663a6bc3e45a8d13bad2571dbf236
  SignalProtocolObjC: 1beb46b1d35733e7ab96a919f88bac20ec771c73
  SnapKit: e01d52ebb8ddbc333eefe2132acf85c8227d9c25
  sqlite3: 6e2d4a4879854d0ec86b476bf3c3e30870bac273
  TOCropViewController: edfd4f25713d56905ad1e0b9f5be3fbe0f59c863
  WebRTC-lib: bd0d4b76aab1492415216715bd02f4329a33cd10

PODFILE CHECKSUM: f415f317e34fd11a687374f84ee8dfb14ebb29a6

COCOAPODS: 1.14.3
