PODS:
  - SAMKeychain (1.5.3)
  - SignalProtocolC (2.3.3)
  - SignalProtocolObjC (1.1.1):
    - SignalProtocolC (~> 2.3.3)
  - sqlite3/common (3.44.0)
  - sqlite3/perf-threadsafe (3.44.0):
    - sqlite3/common

DEPENDENCIES:
  - SAMKeychain
  - SignalProtocolC (from `https://github.com/monal-im/libsignal-protocol-c`, branch `master`)
  - SignalProtocolObjC (from `https://github.com/monal-im/SignalProtocol-ObjC.git`, branch `master`)
  - sqlite3/perf-threadsafe

SPEC REPOS:
  trunk:
    - SAMKeychain
    - sqlite3

EXTERNAL SOURCES:
  SignalProtocolC:
    :branch: master
    :git: https://github.com/monal-im/libsignal-protocol-c
  SignalProtocolObjC:
    :branch: master
    :git: https://github.com/monal-im/SignalProtocol-ObjC.git

CHECKOUT OPTIONS:
  SignalProtocolC:
    :commit: 560504888d9c0ba4be860275d206dcef07e0761e
    :git: https://github.com/monal-im/libsignal-protocol-c
  SignalProtocolObjC:
    :commit: e153e868c6737881a196da17612367ab9ecaae13
    :git: https://github.com/monal-im/SignalProtocol-ObjC.git

SPEC CHECKSUMS:
  SAMKeychain: 483e1c9f32984d50ca961e26818a534283b4cd5c
  SignalProtocolC: 8092866e45b663a6bc3e45a8d13bad2571dbf236
  SignalProtocolObjC: 1beb46b1d35733e7ab96a919f88bac20ec771c73
  sqlite3: 6e2d4a4879854d0ec86b476bf3c3e30870bac273

PODFILE CHECKSUM: 6e99ae1da496a57deb29a8eed00eea9a5a642c0c

COCOAPODS: 1.14.2
