PODS:
  - CocoaLumberjack (3.6.0):
    - CocoaLumberjack/Core (= 3.6.0)
  - CocoaLumberjack/Core (3.6.0)
  - DACircularProgress (2.3.1)
  - DZNEmptyDataSet (1.8.1)
  - EAIntroView (2.12.0):
    - EARestrictedScrollView (~> 1.1.0)
  - EARestrictedScrollView (1.1.0)
  - IDMPhotoBrowser (1.10.2):
    - DACircularProgress
    - pop
    - SDWebImage
  - MarqueeLabel (4.0.0)
  - MBProgressHUD (1.1.0)
  - NotificationBannerSwift (3.0.2):
    - MarqueeLabel (~> 4.0.0)
    - SnapKit (~> 5.0.0)
  - OpenSSL-Universal (1.0.2.18):
    - OpenSSL-Universal/Static (= 1.0.2.18)
  - OpenSSL-Universal/Static (1.0.2.18)
  - pop (1.0.12)
  - SAMKeychain (1.5.3)
  - SDWebImage (4.3.3):
    - SDWebImage/Core (= 4.3.3)
  - SDWebImage/Core (4.3.3)
  - SignalProtocolC (2.3.2)
  - SignalProtocolObjC (1.1.0):
    - SignalProtocolC (~> 2.3.2)
  - SnapKit (5.0.1)
  - TPCircularBuffer (1.6.1)

DEPENDENCIES:
  - CocoaLumberjack
  - DZNEmptyDataSet
  - EAIntroView
  - IDMPhotoBrowser
  - MBProgressHUD (~> 1.1.0)
  - NotificationBannerSwift (~> 3.0.0)
  - OpenSSL-Universal (= 1.0.2.18)
  - SAMKeychain
  - SDWebImage (~> 4.3.3)
  - SignalProtocolC
  - SignalProtocolObjC
  - TPCircularBuffer

SPEC REPOS:
  https://github.com/CocoaPods/Specs.git:
    - CocoaLumberjack
    - DACircularProgress
    - DZNEmptyDataSet
    - EAIntroView
    - EARestrictedScrollView
    - IDMPhotoBrowser
    - MarqueeLabel
    - MBProgressHUD
    - NotificationBannerSwift
    - pop
    - SAMKeychain
    - SDWebImage
    - SignalProtocolC
    - SignalProtocolObjC
    - SnapKit
    - TPCircularBuffer
  trunk:
    - OpenSSL-Universal

SPEC CHECKSUMS:
  CocoaLumberjack: 78b0c238666f4f58db069738ec176f4519557516
  DACircularProgress: 4dd437c0fc3da5161cb289e07ac449493d41db71
  DZNEmptyDataSet: 9525833b9e68ac21c30253e1d3d7076cc828eaa7
  EAIntroView: 249559079ddfdbe80e5bcb755c04c3b964b2ac27
  EARestrictedScrollView: b0c2a3f92fb2610bb44d71c5e4893777c89e45ef
  IDMPhotoBrowser: 4bb459b1faffc228e92bccdf7c54ad6d6b7e8c37
  MarqueeLabel: b55b26e690b6ad41faedd95cbf5eae6f1d1735b4
  MBProgressHUD: e7baa36a220447d8aeb12769bf0585582f3866d9
  NotificationBannerSwift: 713e20f21b6105f4a36a00e5d9fa414a930d3d8e
  OpenSSL-Universal: d10ab08e0b258023e5184f77660b1b9f4ec93926
  pop: d582054913807fd11fd50bfe6a539d91c7e1a55a
  SAMKeychain: 483e1c9f32984d50ca961e26818a534283b4cd5c
  SDWebImage: de4d90b5bff3571eae7bd16202b1f43135409fa5
  SignalProtocolC: 051512e9f3abfeb4120c5e9673af9ae0ee370070
  SignalProtocolObjC: b992ed29c3b7b453510ff0102ed16ef143f7efd2
  SnapKit: 97b92857e3df3a0c71833cce143274bf6ef8e5eb
  TPCircularBuffer: c13243556527551c4d320709c7b14a6d20cdc30a

PODFILE CHECKSUM: 842f18cdbd505eea6978659664bfe15eca4c08e0

COCOAPODS: 1.8.4
