{
  "object": {
    "pins": [
      {
        "package": "ActivityIndicatorView",
        "repositoryURL": "https://github.com/exyte/ActivityIndicatorView",
        "state": {
          "branch": null,
          "revision": "15384b0f9ca3a9b072e12ab779d545e9717adba4",
          "version": "2.0.0"
        }
      },
      {
        "package": "CocoaLumberjack",
        "repositoryURL": "https://github.com/cocoalumberjack/cocoalumberjack",
        "state": {
          "branch": null,
          "revision": "c5f2ed4d219866117e135cf648180dc7b66739d3",
          "version": "3.9.1"
        }
      },
      {
        "package": "Chat",
        "repositoryURL": "https://github.com/monal-im/ExyteChat",
        "state": {
          "branch": "main",
          "revision": "5d0235c6ee0ad98ef84bd1fbb6fe3d31a46c6665",
          "version": null
        }
      },
      {
        "package": "FrameUp",
        "repositoryURL": "https://github.com/ryanlintott/FrameUp",
        "state": {
          "branch": null,
          "revision": "0fccfdc93a01c8555cec86bf2c64caee30c23704",
          "version": "0.9.11"
        }
      },
      {
        "package": "MarqueeLabel",
        "repositoryURL": "https://github.com/cbpowell/MarqueeLabel",
        "state": {
          "branch": null,
          "revision": "c6b4da400c00dfd5db7a4f6e4915ca531d95fc49",
          "version": "4.5.3"
        }
      },
      {
        "package": "ExyteMediaPicker",
        "repositoryURL": "https://github.com/monal-im/MediaPicker.git",
        "state": {
          "branch": "main",
          "revision": "2d482aac360297922424d3a1ae0255f3abdbe6ee",
          "version": null
        }
      },
      {
        "package": "NotificationBannerSwift",
        "repositoryURL": "https://github.com/Daltron/NotificationBanner",
        "state": {
          "branch": null,
          "revision": "a9ec5cd29b4669f5fdf3dcd494a08cea4776913c",
          "version": "3.2.0"
        }
      },
      {
        "package": "SnapKit",
        "repositoryURL": "https://github.com/SnapKit/SnapKit",
        "state": {
          "branch": null,
          "revision": "2842e6e84e82eb9a8dac0100ca90d9444b0307f4",
          "version": "5.7.1"
        }
      },
      {
        "package": "SVGKit",
        "repositoryURL": "https://github.com/SVGKit/SVGKit",
        "state": {
          "branch": "3.x",
          "revision": "f835442588b60654f977bf5b47ebd9314824dae8",
          "version": null
        }
      },
      {
        "package": "SVGView",
        "repositoryURL": "https://github.com/exyte/SVGView.git",
        "state": {
          "branch": null,
          "revision": "6465962facdd25cb96eaebc35603afa2f15d2c0d",
          "version": "1.0.6"
        }
      },
      {
        "package": "swift-collections",
        "repositoryURL": "https://github.com/apple/swift-collections.git",
        "state": {
          "branch": null,
          "revision": "6675bc0ff86e61436e615df6fc5174e043e57924",
          "version": "1.4.1"
        }
      },
      {
        "package": "swift-log",
        "repositoryURL": "https://github.com/apple/swift-log",
        "state": {
          "branch": null,
          "revision": "5073617dac96330a486245e4c0179cb0a6fd2256",
          "version": "1.12.0"
        }
      },
      {
        "package": "TOCropViewController",
        "repositoryURL": "https://github.com/TimOliver/TOCropViewController",
        "state": {
          "branch": null,
          "revision": "d4a6d8100f4b886fdbc8ae399bf144ff3e9afb7e",
          "version": "2.8.0"
        }
      },
      {
        "package": "ViewExtractor",
        "repositoryURL": "https://github.com/GeorgeElsham/ViewExtractor",
        "state": {
          "branch": null,
          "revision": "e20b1944524d4454c2a65c0054ce345c2c5d0185",
          "version": "2.0.0"
        }
      },
      {
        "package": "WebRTC",
        "repositoryURL": "https://github.com/Stasel/WebRTC",
        "state": {
          "branch": "latest",
          "revision": "19aa8c1fc7120d50df987b7111f42d5024df3d54",
          "version": null
        }
      }
    ]
  },
  "version": 1
}
