{
  "object": {
    "pins": [
      {
        "package": "CocoaLumberjack",
        "repositoryURL": "https://github.com/cocoalumberjack/cocoalumberjack",
        "state": {
          "branch": null,
          "revision": "a9ed4b6f9bdedce7d77046f43adfb8ce1fd54114",
          "version": "3.9.0"
        }
      },
      {
        "package": "FrameUp",
        "repositoryURL": "https://github.com/ryanlintott/FrameUp",
        "state": {
          "branch": null,
          "revision": "42254f19f2500050a67e73a9d5b2d0914289a7e9",
          "version": "0.8.0"
        }
      },
      {
        "package": "SVGView",
        "repositoryURL": "https://github.com/exyte/SVGView",
        "state": {
          "branch": null,
          "revision": "6465962facdd25cb96eaebc35603afa2f15d2c0d",
          "version": "1.0.6"
        }
      },
      {
        "package": "swift-collections",
        "repositoryURL": "https://github.com/apple/swift-collections.git",
        "state": {
          "branch": null,
          "revision": "98ef3c98609a1e31b7e157b5b619579001a789d6",
          "version": "1.7.1"
        }
      },
      {
        "package": "swift-log",
        "repositoryURL": "https://github.com/apple/swift-log",
        "state": {
          "branch": null,
          "revision": "9c6fb14227f55d8f711ce3847dc2f419fb0ecacb",
          "version": "1.15.1"
        }
      },
      {
        "package": "ViewExtractor",
        "repositoryURL": "https://github.com/GeorgeElsham/ViewExtractor",
        "state": {
          "branch": null,
          "revision": "e20b1944524d4454c2a65c0054ce345c2c5d0185",
          "version": "2.0.0"
        }
      }
    ]
  },
  "version": 1
}
